
Microsoft Visual Studio Solution File, Format Version 12.00
# Visual Studio 15
VisualStudioVersion = 15.0.27703.2042
MinimumVisualStudioVersion = 10.0.40219.1
Project("{9A19103F-16F7-4668-BE54-9A1E7A4F7556}") = "WebGYM", "WebGYM\WebGYM.csproj", "{004A6CBE-5302-4397-A338-D4DD7CD5F265}"
EndProject
Project("{FAE04EC0-301F-11D3-BF4B-00C04F79EFBC}") = "WebGYM.Interface", "WebGYM.Interface\WebGYM.Interface.csproj", "{9E0F6298-5763-4072-AC8E-8C56286E708C}"
EndProject
Project("{FAE04EC0-301F-11D3-BF4B-00C04F79EFBC}") = "WebGYM.Concrete", "WebGYM.Concrete\WebGYM.Concrete.csproj", "{37EAFA43-5C3D-4C21-963E-C6373FEAC1EB}"
EndProject
Project("{FAE04EC0-301F-11D3-BF4B-00C04F79EFBC}") = "WebGYM.Models", "WebGYM.Models\WebGYM.Models.csproj", "{439CBB88-2DBF-4F18-A725-83BF11159038}"
EndProject
Project("{FAE04EC0-301F-11D3-BF4B-00C04F79EFBC}") = "WebGYM.ViewModels", "WebGYM.ViewModels\WebGYM.ViewModels.csproj", "{4BF92F16-368E-49D9-853F-75204C53B12C}"
EndProject
Global
	GlobalSection(SolutionConfigurationPlatforms) = preSolution
		Debug|Any CPU = Debug|Any CPU
		Release|Any CPU = Release|Any CPU
	EndGlobalSection
	GlobalSection(ProjectConfigurationPlatforms) = postSolution
		{004A6CBE-5302-4397-A338-D4DD7CD5F265}.Debug|Any CPU.ActiveCfg = Debug|Any CPU
		{004A6CBE-5302-4397-A338-D4DD7CD5F265}.Debug|Any CPU.Build.0 = Debug|Any CPU
		{004A6CBE-5302-4397-A338-D4DD7CD5F265}.Release|Any CPU.ActiveCfg = Release|Any CPU
		{004A6CBE-5302-4397-A338-D4DD7CD5F265}.Release|Any CPU.Build.0 = Release|Any CPU
		{9E0F6298-5763-4072-AC8E-8C56286E708C}.Debug|Any CPU.ActiveCfg = Debug|Any CPU
		{9E0F6298-5763-4072-AC8E-8C56286E708C}.Debug|Any CPU.Build.0 = Debug|Any CPU
		{9E0F6298-5763-4072-AC8E-8C56286E708C}.Release|Any CPU.ActiveCfg = Release|Any CPU
		{9E0F6298-5763-4072-AC8E-8C56286E708C}.Release|Any CPU.Build.0 = Release|Any CPU
		{37EAFA43-5C3D-4C21-963E-C6373FEAC1EB}.Debug|Any CPU.ActiveCfg = Debug|Any CPU
		{37EAFA43-5C3D-4C21-963E-C6373FEAC1EB}.Debug|Any CPU.Build.0 = Debug|Any CPU
		{37EAFA43-5C3D-4C21-963E-C6373FEAC1EB}.Release|Any CPU.ActiveCfg = Release|Any CPU
		{37EAFA43-5C3D-4C21-963E-C6373FEAC1EB}.Release|Any CPU.Build.0 = Release|Any CPU
		{439CBB88-2DBF-4F18-A725-83BF11159038}.Debug|Any CPU.ActiveCfg = Debug|Any CPU
		{439CBB88-2DBF-4F18-A725-83BF11159038}.Debug|Any CPU.Build.0 = Debug|Any CPU
		{439CBB88-2DBF-4F18-A725-83BF11159038}.Release|Any CPU.ActiveCfg = Release|Any CPU
		{439CBB88-2DBF-4F18-A725-83BF11159038}.Release|Any CPU.Build.0 = Release|Any CPU
		{4BF92F16-368E-49D9-853F-75204C53B12C}.Debug|Any CPU.ActiveCfg = Debug|Any CPU
		{4BF92F16-368E-49D9-853F-75204C53B12C}.Debug|Any CPU.Build.0 = Debug|Any CPU
		{4BF92F16-368E-49D9-853F-75204C53B12C}.Release|Any CPU.ActiveCfg = Release|Any CPU
		{4BF92F16-368E-49D9-853F-75204C53B12C}.Release|Any CPU.Build.0 = Release|Any CPU
	EndGlobalSection
	GlobalSection(SolutionProperties) = preSolution
		HideSolutionNode = FALSE
	EndGlobalSection
	GlobalSection(ExtensibilityGlobals) = postSolution
		SolutionGuid = {095470DF-686B-4305-9644-8592F9A11EB7}
	EndGlobalSection
EndGlobal
